{
  "originHash" : "623ac11d74cff6980b32990546a84898476a3a86660ba5c0146f04c5448c736f",
  "pins" : [
    {
      "identity" : "swift-ac-collections",
      "kind" : "remoteSourceControl",
      "location" : "https://github.com/narumij/swift-ac-collections",
      "state" : {
        "revision" : "a05f4bbb73c41a317546207ed002ba33bb7cdd3b"
      }
    },
    {
      "identity" : "swift-syntax",
      "kind" : "remoteSourceControl",
      "location" : "https://github.com/swiftlang/swift-syntax.git",
      "state" : {
        "revision" : "0687f71944021d616d34d922343dcef086855920",
        "version" : "600.0.1"
      }
    }
  ],
  "version" : 3
}
