{
  "originHash" : "337e3d0a9b0820f076ec3666ec8b5f1127606c6f3da3bb90cd787f649ff7bc24",
  "pins" : [
    {
      "identity" : "swift-ac-collections",
      "kind" : "remoteSourceControl",
      "location" : "https://github.com/narumij/swift-ac-collections",
      "state" : {
        "revision" : "ef3d61f5845f99c46f7702c22d62f56eb4593e64"
      }
    },
    {
      "identity" : "swift-syntax",
      "kind" : "remoteSourceControl",
      "location" : "https://github.com/swiftlang/swift-syntax.git",
      "state" : {
        "revision" : "0687f71944021d616d34d922343dcef086855920",
        "version" : "600.0.1"
      }
    }
  ],
  "version" : 3
}
